
Microsoft Visual Studio Solution File, Format Version 12.00
# Visual Studio Version 17
VisualStudioVersion = 17.6.33829.357
MinimumVisualStudioVersion = 10.0.40219.1
Project("{9A19103F-16F7-4668-BE54-9A1E7A4F7556}") = "CobaltCoreModLoader", "CobaltCoreModLoader\CobaltCoreModLoader.csproj", "{6C8AE2F2-8172-492B-811E-EF52107B2E56}"
	ProjectSection(ProjectDependencies) = postProject
		{9F1AD777-5427-457C-80E7-1D48A9B6BA09} = {9F1AD777-5427-457C-80E7-1D48A9B6BA09}
	EndProjectSection
EndProject
Project("{9A19103F-16F7-4668-BE54-9A1E7A4F7556}") = "SingleFileExtractor.Core", "SingleFileExtractor\src\SingleFileExtractor.Core\SingleFileExtractor.Core.csproj", "{1465D284-FEF2-44F6-90F5-3F96A8CB029E}"
EndProject
Project("{9A19103F-16F7-4668-BE54-9A1E7A4F7556}") = "CobaltCoreModding.Definitions", "CobaltCoreModding.Definitions\CobaltCoreModding.Definitions.csproj", "{FF855EB2-EE7D-45F0-A683-D71D60148DF3}"
EndProject
Project("{9A19103F-16F7-4668-BE54-9A1E7A4F7556}") = "DemoMod", "DemoMod\DemoMod.csproj", "{9F1AD777-5427-457C-80E7-1D48A9B6BA09}"
EndProject
Global
	GlobalSection(SolutionConfigurationPlatforms) = preSolution
		Debug|Any CPU = Debug|Any CPU
		Debug|x64 = Debug|x64
		Release|Any CPU = Release|Any CPU
		Release|x64 = Release|x64
	EndGlobalSection
	GlobalSection(ProjectConfigurationPlatforms) = postSolution
		{6C8AE2F2-8172-492B-811E-EF52107B2E56}.Debug|Any CPU.ActiveCfg = Debug|Any CPU
		{6C8AE2F2-8172-492B-811E-EF52107B2E56}.Debug|Any CPU.Build.0 = Debug|Any CPU
		{6C8AE2F2-8172-492B-811E-EF52107B2E56}.Debug|x64.ActiveCfg = Debug|x64
		{6C8AE2F2-8172-492B-811E-EF52107B2E56}.Debug|x64.Build.0 = Debug|x64
		{6C8AE2F2-8172-492B-811E-EF52107B2E56}.Release|Any CPU.ActiveCfg = Release|Any CPU
		{6C8AE2F2-8172-492B-811E-EF52107B2E56}.Release|Any CPU.Build.0 = Release|Any CPU
		{6C8AE2F2-8172-492B-811E-EF52107B2E56}.Release|x64.ActiveCfg = Release|x64
		{6C8AE2F2-8172-492B-811E-EF52107B2E56}.Release|x64.Build.0 = Release|x64
		{1465D284-FEF2-44F6-90F5-3F96A8CB029E}.Debug|Any CPU.ActiveCfg = Debug|Any CPU
		{1465D284-FEF2-44F6-90F5-3F96A8CB029E}.Debug|Any CPU.Build.0 = Debug|Any CPU
		{1465D284-FEF2-44F6-90F5-3F96A8CB029E}.Debug|x64.ActiveCfg = Debug|Any CPU
		{1465D284-FEF2-44F6-90F5-3F96A8CB029E}.Debug|x64.Build.0 = Debug|Any CPU
		{1465D284-FEF2-44F6-90F5-3F96A8CB029E}.Release|Any CPU.ActiveCfg = Release|Any CPU
		{1465D284-FEF2-44F6-90F5-3F96A8CB029E}.Release|Any CPU.Build.0 = Release|Any CPU
		{1465D284-FEF2-44F6-90F5-3F96A8CB029E}.Release|x64.ActiveCfg = Release|Any CPU
		{1465D284-FEF2-44F6-90F5-3F96A8CB029E}.Release|x64.Build.0 = Release|Any CPU
		{FF855EB2-EE7D-45F0-A683-D71D60148DF3}.Debug|Any CPU.ActiveCfg = Debug|Any CPU
		{FF855EB2-EE7D-45F0-A683-D71D60148DF3}.Debug|Any CPU.Build.0 = Debug|Any CPU
		{FF855EB2-EE7D-45F0-A683-D71D60148DF3}.Debug|x64.ActiveCfg = Debug|Any CPU
		{FF855EB2-EE7D-45F0-A683-D71D60148DF3}.Debug|x64.Build.0 = Debug|Any CPU
		{FF855EB2-EE7D-45F0-A683-D71D60148DF3}.Release|Any CPU.ActiveCfg = Release|Any CPU
		{FF855EB2-EE7D-45F0-A683-D71D60148DF3}.Release|Any CPU.Build.0 = Release|Any CPU
		{FF855EB2-EE7D-45F0-A683-D71D60148DF3}.Release|x64.ActiveCfg = Release|Any CPU
		{FF855EB2-EE7D-45F0-A683-D71D60148DF3}.Release|x64.Build.0 = Release|Any CPU
		{9F1AD777-5427-457C-80E7-1D48A9B6BA09}.Debug|Any CPU.ActiveCfg = Debug|Any CPU
		{9F1AD777-5427-457C-80E7-1D48A9B6BA09}.Debug|Any CPU.Build.0 = Debug|Any CPU
		{9F1AD777-5427-457C-80E7-1D48A9B6BA09}.Debug|x64.ActiveCfg = Debug|Any CPU
		{9F1AD777-5427-457C-80E7-1D48A9B6BA09}.Debug|x64.Build.0 = Debug|Any CPU
		{9F1AD777-5427-457C-80E7-1D48A9B6BA09}.Release|Any CPU.ActiveCfg = Release|Any CPU
		{9F1AD777-5427-457C-80E7-1D48A9B6BA09}.Release|Any CPU.Build.0 = Release|Any CPU
		{9F1AD777-5427-457C-80E7-1D48A9B6BA09}.Release|x64.ActiveCfg = Release|Any CPU
		{9F1AD777-5427-457C-80E7-1D48A9B6BA09}.Release|x64.Build.0 = Release|Any CPU
	EndGlobalSection
	GlobalSection(SolutionProperties) = preSolution
		HideSolutionNode = FALSE
	EndGlobalSection
	GlobalSection(ExtensibilityGlobals) = postSolution
		SolutionGuid = {CB86932F-B261-4ADD-92A6-E21275896663}
	EndGlobalSection
EndGlobal
