
Microsoft Visual Studio Solution File, Format Version 12.00
# Visual Studio Version 17
VisualStudioVersion = 17.6.33829.357
MinimumVisualStudioVersion = 10.0.40219.1
Project("{9A19103F-16F7-4668-BE54-9A1E7A4F7556}") = "SingleFileExtractor.Core", "SingleFileExtractor\src\SingleFileExtractor.Core\SingleFileExtractor.Core.csproj", "{1465D284-FEF2-44F6-90F5-3F96A8CB029E}"
EndProject
Project("{9A19103F-16F7-4668-BE54-9A1E7A4F7556}") = "CobaltCoreModding.Definitions", "CobaltCoreModding.Definitions\CobaltCoreModding.Definitions.csproj", "{FF855EB2-EE7D-45F0-A683-D71D60148DF3}"
EndProject
Project("{9A19103F-16F7-4668-BE54-9A1E7A4F7556}") = "CobaltCoreModLoaderApp", "CobaltCoreModLoaderApp\CobaltCoreModLoaderApp.csproj", "{337C792F-56B0-4883-97B0-325225692110}"
EndProject
Project("{9A19103F-16F7-4668-BE54-9A1E7A4F7556}") = "CobaltCoreModLoaderClassic", "CobaltCoreModLoaderClassic\CobaltCoreModLoaderClassic.csproj", "{98C1AE94-F8FE-4D15-B91A-A93D7AE6C755}"
EndProject
Project("{9A19103F-16F7-4668-BE54-9A1E7A4F7556}") = "CobaltCoreModdding.Components", "CobaltCoreModding.Components\CobaltCoreModdding.Components.csproj", "{47C50A41-83F0-43DB-9607-B317686081BB}"
EndProject
Global
	GlobalSection(SolutionConfigurationPlatforms) = preSolution
		Debug|Any CPU = Debug|Any CPU
		Debug|x64 = Debug|x64
		Release|Any CPU = Release|Any CPU
		Release|x64 = Release|x64
	EndGlobalSection
	GlobalSection(ProjectConfigurationPlatforms) = postSolution
		{1465D284-FEF2-44F6-90F5-3F96A8CB029E}.Debug|Any CPU.ActiveCfg = Debug|Any CPU
		{1465D284-FEF2-44F6-90F5-3F96A8CB029E}.Debug|Any CPU.Build.0 = Debug|Any CPU
		{1465D284-FEF2-44F6-90F5-3F96A8CB029E}.Debug|x64.ActiveCfg = Debug|Any CPU
		{1465D284-FEF2-44F6-90F5-3F96A8CB029E}.Debug|x64.Build.0 = Debug|Any CPU
		{1465D284-FEF2-44F6-90F5-3F96A8CB029E}.Release|Any CPU.ActiveCfg = Release|Any CPU
		{1465D284-FEF2-44F6-90F5-3F96A8CB029E}.Release|Any CPU.Build.0 = Release|Any CPU
		{1465D284-FEF2-44F6-90F5-3F96A8CB029E}.Release|x64.ActiveCfg = Release|Any CPU
		{1465D284-FEF2-44F6-90F5-3F96A8CB029E}.Release|x64.Build.0 = Release|Any CPU
		{FF855EB2-EE7D-45F0-A683-D71D60148DF3}.Debug|Any CPU.ActiveCfg = Debug|Any CPU
		{FF855EB2-EE7D-45F0-A683-D71D60148DF3}.Debug|Any CPU.Build.0 = Debug|Any CPU
		{FF855EB2-EE7D-45F0-A683-D71D60148DF3}.Debug|x64.ActiveCfg = Debug|Any CPU
		{FF855EB2-EE7D-45F0-A683-D71D60148DF3}.Debug|x64.Build.0 = Debug|Any CPU
		{FF855EB2-EE7D-45F0-A683-D71D60148DF3}.Release|Any CPU.ActiveCfg = Release|Any CPU
		{FF855EB2-EE7D-45F0-A683-D71D60148DF3}.Release|Any CPU.Build.0 = Release|Any CPU
		{FF855EB2-EE7D-45F0-A683-D71D60148DF3}.Release|x64.ActiveCfg = Release|Any CPU
		{FF855EB2-EE7D-45F0-A683-D71D60148DF3}.Release|x64.Build.0 = Release|Any CPU
		{337C792F-56B0-4883-97B0-325225692110}.Debug|Any CPU.ActiveCfg = Debug|Any CPU
		{337C792F-56B0-4883-97B0-325225692110}.Debug|Any CPU.Build.0 = Debug|Any CPU
		{337C792F-56B0-4883-97B0-325225692110}.Debug|x64.ActiveCfg = Debug|Any CPU
		{337C792F-56B0-4883-97B0-325225692110}.Debug|x64.Build.0 = Debug|Any CPU
		{337C792F-56B0-4883-97B0-325225692110}.Release|Any CPU.ActiveCfg = Release|Any CPU
		{337C792F-56B0-4883-97B0-325225692110}.Release|Any CPU.Build.0 = Release|Any CPU
		{337C792F-56B0-4883-97B0-325225692110}.Release|x64.ActiveCfg = Release|Any CPU
		{337C792F-56B0-4883-97B0-325225692110}.Release|x64.Build.0 = Release|Any CPU
		{98C1AE94-F8FE-4D15-B91A-A93D7AE6C755}.Debug|Any CPU.ActiveCfg = Debug|Any CPU
		{98C1AE94-F8FE-4D15-B91A-A93D7AE6C755}.Debug|Any CPU.Build.0 = Debug|Any CPU
		{98C1AE94-F8FE-4D15-B91A-A93D7AE6C755}.Debug|x64.ActiveCfg = Debug|Any CPU
		{98C1AE94-F8FE-4D15-B91A-A93D7AE6C755}.Debug|x64.Build.0 = Debug|Any CPU
		{98C1AE94-F8FE-4D15-B91A-A93D7AE6C755}.Release|Any CPU.ActiveCfg = Release|Any CPU
		{98C1AE94-F8FE-4D15-B91A-A93D7AE6C755}.Release|Any CPU.Build.0 = Release|Any CPU
		{98C1AE94-F8FE-4D15-B91A-A93D7AE6C755}.Release|x64.ActiveCfg = Release|Any CPU
		{98C1AE94-F8FE-4D15-B91A-A93D7AE6C755}.Release|x64.Build.0 = Release|Any CPU
		{47C50A41-83F0-43DB-9607-B317686081BB}.Debug|Any CPU.ActiveCfg = Debug|Any CPU
		{47C50A41-83F0-43DB-9607-B317686081BB}.Debug|Any CPU.Build.0 = Debug|Any CPU
		{47C50A41-83F0-43DB-9607-B317686081BB}.Debug|x64.ActiveCfg = Debug|x64
		{47C50A41-83F0-43DB-9607-B317686081BB}.Debug|x64.Build.0 = Debug|x64
		{47C50A41-83F0-43DB-9607-B317686081BB}.Release|Any CPU.ActiveCfg = Release|Any CPU
		{47C50A41-83F0-43DB-9607-B317686081BB}.Release|Any CPU.Build.0 = Release|Any CPU
		{47C50A41-83F0-43DB-9607-B317686081BB}.Release|x64.ActiveCfg = Release|x64
		{47C50A41-83F0-43DB-9607-B317686081BB}.Release|x64.Build.0 = Release|x64
	EndGlobalSection
	GlobalSection(SolutionProperties) = preSolution
		HideSolutionNode = FALSE
	EndGlobalSection
	GlobalSection(ExtensibilityGlobals) = postSolution
		SolutionGuid = {CB86932F-B261-4ADD-92A6-E21275896663}
	EndGlobalSection
EndGlobal
